
Microsoft Visual Studio Solution File, Format Version 12.00
# Visual Studio Version 16
VisualStudioVersion = 16.0.29318.209
MinimumVisualStudioVersion = 10.0.40219.1
Project("{00D1A9C2-B5F0-4AF3-8072-F6C62B433612}") = "DatabaseProject", "DatabaseProject\DatabaseProject.sqlproj", "{16EDE848-5BAF-4453-8B00-9834F2FE24C8}"
EndProject
Global
	GlobalSection(SolutionConfigurationPlatforms) = preSolution
		Debug|Any CPU = Debug|Any CPU
		Release|Any CPU = Release|Any CPU
	EndGlobalSection
	GlobalSection(ProjectConfigurationPlatforms) = postSolution
		{16EDE848-5BAF-4453-8B00-9834F2FE24C8}.Debug|Any CPU.ActiveCfg = Debug|Any CPU
		{16EDE848-5BAF-4453-8B00-9834F2FE24C8}.Debug|Any CPU.Build.0 = Debug|Any CPU
		{16EDE848-5BAF-4453-8B00-9834F2FE24C8}.Debug|Any CPU.Deploy.0 = Debug|Any CPU
		{16EDE848-5BAF-4453-8B00-9834F2FE24C8}.Release|Any CPU.ActiveCfg = Release|Any CPU
		{16EDE848-5BAF-4453-8B00-9834F2FE24C8}.Release|Any CPU.Build.0 = Release|Any CPU
		{16EDE848-5BAF-4453-8B00-9834F2FE24C8}.Release|Any CPU.Deploy.0 = Release|Any CPU
	EndGlobalSection
	GlobalSection(SolutionProperties) = preSolution
		HideSolutionNode = FALSE
	EndGlobalSection
	GlobalSection(ExtensibilityGlobals) = postSolution
		SolutionGuid = {6581A8F5-CBD8-449E-8DEE-419F2C625A19}
	EndGlobalSection
EndGlobal
